
Microsoft Visual Studio Solution File, Format Version 12.00
# Visual Studio 14
VisualStudioVersion = 14.0.25420.1
MinimumVisualStudioVersion = 10.0.40219.1
Project("{2150E333-8FDC-42A3-9474-1A3956D46DE8}") = "BLL", "BLL", "{176A373D-0133-4ED5-BBBD-CDFB04B26D38}"
EndProject
Project("{2150E333-8FDC-42A3-9474-1A3956D46DE8}") = "DAL", "DAL", "{6B73E688-48D8-477B-BFA8-5011EE375C70}"
EndProject
Project("{2150E333-8FDC-42A3-9474-1A3956D46DE8}") = "UI", "UI", "{9185590F-469C-4CA0-8007-AEA6BAFB2C93}"
EndProject
Project("{FAE04EC0-301F-11D3-BF4B-00C04F79EFBC}") = "ClubCampestre_BLL", "ClubCampestre_BLL\ClubCampestre_BLL.csproj", "{3D24FAD9-47A5-44C6-98CB-A276FA0EAE43}"
EndProject
Project("{FAE04EC0-301F-11D3-BF4B-00C04F79EFBC}") = "ClubCampestre_DAL", "ClubCampestre_DAL\ClubCampestre_DAL.csproj", "{BA5BB8B7-305B-4E1E-9E85-7D3A217154C7}"
EndProject
Project("{FAE04EC0-301F-11D3-BF4B-00C04F79EFBC}") = "Club_Campestre", "Club_Campestre\Club_Campestre.csproj", "{EEF0A919-583F-4907-B132-E9ECCB98F4B6}"
EndProject
Global
	GlobalSection(SolutionConfigurationPlatforms) = preSolution
		Debug|Any CPU = Debug|Any CPU
		Release|Any CPU = Release|Any CPU
	EndGlobalSection
	GlobalSection(ProjectConfigurationPlatforms) = postSolution
		{3D24FAD9-47A5-44C6-98CB-A276FA0EAE43}.Debug|Any CPU.ActiveCfg = Debug|Any CPU
		{3D24FAD9-47A5-44C6-98CB-A276FA0EAE43}.Debug|Any CPU.Build.0 = Debug|Any CPU
		{3D24FAD9-47A5-44C6-98CB-A276FA0EAE43}.Release|Any CPU.ActiveCfg = Release|Any CPU
		{3D24FAD9-47A5-44C6-98CB-A276FA0EAE43}.Release|Any CPU.Build.0 = Release|Any CPU
		{BA5BB8B7-305B-4E1E-9E85-7D3A217154C7}.Debug|Any CPU.ActiveCfg = Debug|Any CPU
		{BA5BB8B7-305B-4E1E-9E85-7D3A217154C7}.Debug|Any CPU.Build.0 = Debug|Any CPU
		{BA5BB8B7-305B-4E1E-9E85-7D3A217154C7}.Release|Any CPU.ActiveCfg = Release|Any CPU
		{BA5BB8B7-305B-4E1E-9E85-7D3A217154C7}.Release|Any CPU.Build.0 = Release|Any CPU
		{EEF0A919-583F-4907-B132-E9ECCB98F4B6}.Debug|Any CPU.ActiveCfg = Debug|Any CPU
		{EEF0A919-583F-4907-B132-E9ECCB98F4B6}.Debug|Any CPU.Build.0 = Debug|Any CPU
		{EEF0A919-583F-4907-B132-E9ECCB98F4B6}.Release|Any CPU.ActiveCfg = Release|Any CPU
		{EEF0A919-583F-4907-B132-E9ECCB98F4B6}.Release|Any CPU.Build.0 = Release|Any CPU
	EndGlobalSection
	GlobalSection(SolutionProperties) = preSolution
		HideSolutionNode = FALSE
	EndGlobalSection
	GlobalSection(NestedProjects) = preSolution
		{3D24FAD9-47A5-44C6-98CB-A276FA0EAE43} = {176A373D-0133-4ED5-BBBD-CDFB04B26D38}
		{BA5BB8B7-305B-4E1E-9E85-7D3A217154C7} = {6B73E688-48D8-477B-BFA8-5011EE375C70}
		{EEF0A919-583F-4907-B132-E9ECCB98F4B6} = {9185590F-469C-4CA0-8007-AEA6BAFB2C93}
	EndGlobalSection
EndGlobal
